// !$*UTF8*$!
{
	archiveVersion = 1;
	classes = {
	};
	objectVersion = 50;
	objects = {

/* Begin PBXBuildFile section */
		BFEE1249262F005100E60081 /* AppDelegate.swift in Sources */ = {isa = PBXBuildFile; fileRef = BFEE1248262F005100E60081 /* AppDelegate.swift */; };
		BFEE124B262F005100E60081 /* SceneDelegate.swift in Sources */ = {isa = PBXBuildFile; fileRef = BFEE124A262F005100E60081 /* SceneDelegate.swift */; };
		BFEE124D262F005100E60081 /* ViewController.swift in Sources */ = {isa = PBXBuildFile; fileRef = BFEE124C262F005100E60081 /* ViewController.swift */; };
		BFEE1250262F005100E60081 /* Main.storyboard in Resources */ = {isa = PBXBuildFile; fileRef = BFEE124E262F005100E60081 /* Main.storyboard */; };
		BFEE1252262F005900E60081 /* Assets.xcassets in Resources */ = {isa = PBXBuildFile; fileRef = BFEE1251262F005900E60081 /* Assets.xcassets */; };
		BFEE1255262F005900E60081 /* LaunchScreen.storyboard in Resources */ = {isa = PBXBuildFile; fileRef = BFEE1253262F005900E60081 /* LaunchScreen.storyboard */; };
		BFEE1260262F0B6600E60081 /* APIResponse.swift in Sources */ = {isa = PBXBuildFile; fileRef = BFEE125F262F0B6600E60081 /* APIResponse.swift */; };
		BFEE1268262F341300E60081 /* RickAndMortyCell.swift in Sources */ = {isa = PBXBuildFile; fileRef = BFEE1267262F341300E60081 /* RickAndMortyCell.swift */; };
/* End PBXBuildFile section */

/* Begin PBXFileReference section */
		BFEE1245262F005100E60081 /* Rick And Morty.app */ = {isa = PBXFileReference; explicitFileType = wrapper.application; includeInIndex = 0; path = "Rick And Morty.app"; sourceTree = BUILT_PRODUCTS_DIR; };
		BFEE1248262F005100E60081 /* AppDelegate.swift */ = {isa = PBXFileReference; lastKnownFileType = sourcecode.swift; path = AppDelegate.swift; sourceTree = "<group>"; };
		BFEE124A262F005100E60081 /* SceneDelegate.swift */ = {isa = PBXFileReference; lastKnownFileType = sourcecode.swift; path = SceneDelegate.swift; sourceTree = "<group>"; };
		BFEE124C262F005100E60081 /* ViewController.swift */ = {isa = PBXFileReference; lastKnownFileType = sourcecode.swift; path = ViewController.swift; sourceTree = "<group>"; };
		BFEE124F262F005100E60081 /* Base */ = {isa = PBXFileReference; lastKnownFileType = file.storyboard; name = Base; path = Base.lproj/Main.storyboard; sourceTree = "<group>"; };
		BFEE1251262F005900E60081 /* Assets.xcassets */ = {isa = PBXFileReference; lastKnownFileType = folder.assetcatalog; path = Assets.xcassets; sourceTree = "<group>"; };
		BFEE1254262F005900E60081 /* Base */ = {isa = PBXFileReference; lastKnownFileType = file.storyboard; name = Base; path = Base.lproj/LaunchScreen.storyboard; sourceTree = "<group>"; };
		BFEE1256262F005900E60081 /* Info.plist */ = {isa = PBXFileReference; lastKnownFileType = text.plist.xml; path = Info.plist; sourceTree = "<group>"; };
		BFEE125F262F0B6600E60081 /* APIResponse.swift */ = {isa = PBXFileReference; lastKnownFileType = sourcecode.swift; path = APIResponse.swift; sourceTree = "<group>"; };
		BFEE1267262F341300E60081 /* RickAndMortyCell.swift */ = {isa = PBXFileReference; lastKnownFileType = sourcecode.swift; path = RickAndMortyCell.swift; sourceTree = "<group>"; };
/* End PBXFileReference section */

/* Begin PBXFrameworksBuildPhase section */
		BFEE1242262F005100E60081 /* Frameworks */ = {
			isa = PBXFrameworksBuildPhase;
			buildActionMask = 2147483647;
			files = (
			);
			runOnlyForDeploymentPostprocessing = 0;
		};
/* End PBXFrameworksBuildPhase section */

/* Begin PBXGroup section */
		BFEE123C262F005100E60081 = {
			isa = PBXGroup;
			children = (
				BFEE1247262F005100E60081 /* Rick And Morty */,
				BFEE1246262F005100E60081 /* Products */,
			);
			sourceTree = "<group>";
		};
		BFEE1246262F005100E60081 /* Products */ = {
			isa = PBXGroup;
			children = (
				BFEE1245262F005100E60081 /* Rick And Morty.app */,
			);
			name = Products;
			sourceTree = "<group>";
		};
		BFEE1247262F005100E60081 /* Rick And Morty */ = {
			isa = PBXGroup;
			children = (
				BFEE126C2630228100E60081 /* Controller */,
				BFEE125E262F0B3C00E60081 /* Model */,
				BFEE1265262F334C00E60081 /* View */,
				BFEE1248262F005100E60081 /* AppDelegate.swift */,
				BFEE124C262F005100E60081 /* ViewController.swift */,
				BFEE124A262F005100E60081 /* SceneDelegate.swift */,
				BFEE124E262F005100E60081 /* Main.storyboard */,
				BFEE1251262F005900E60081 /* Assets.xcassets */,
				BFEE1253262F005900E60081 /* LaunchScreen.storyboard */,
				BFEE1256262F005900E60081 /* Info.plist */,
			);
			path = "Rick And Morty";
			sourceTree = "<group>";
		};
		BFEE125E262F0B3C00E60081 /* Model */ = {
			isa = PBXGroup;
			children = (
				BFEE125F262F0B6600E60081 /* APIResponse.swift */,
			);
			path = Model;
			sourceTree = "<group>";
		};
		BFEE1265262F334C00E60081 /* View */ = {
			isa = PBXGroup;
			children = (
				BFEE1267262F341300E60081 /* RickAndMortyCell.swift */,
			);
			path = View;
			sourceTree = "<group>";
		};
		BFEE126C2630228100E60081 /* Controller */ = {
			isa = PBXGroup;
			children = (
			);
			path = Controller;
			sourceTree = "<group>";
		};
/* End PBXGroup section */

/* Begin PBXNativeTarget section */
		BFEE1244262F005100E60081 /* Rick And Morty */ = {
			isa = PBXNativeTarget;
			buildConfigurationList = BFEE1259262F005900E60081 /* Build configuration list for PBXNativeTarget "Rick And Morty" */;
			buildPhases = (
				BFEE1241262F005100E60081 /* Sources */,
				BFEE1242262F005100E60081 /* Frameworks */,
				BFEE1243262F005100E60081 /* Resources */,
			);
			buildRules = (
			);
			dependencies = (
			);
			name = "Rick And Morty";
			productName = "Rick And Morty";
			productReference = BFEE1245262F005100E60081 /* Rick And Morty.app */;
			productType = "com.apple.product-type.application";
		};
/* End PBXNativeTarget section */

/* Begin PBXProject section */
		BFEE123D262F005100E60081 /* Project object */ = {
			isa = PBXProject;
			attributes = {
				LastSwiftUpdateCheck = 1240;
				LastUpgradeCheck = 1240;
				TargetAttributes = {
					BFEE1244262F005100E60081 = {
						CreatedOnToolsVersion = 12.4;
					};
				};
			};
			buildConfigurationList = BFEE1240262F005100E60081 /* Build configuration list for PBXProject "Rick And Morty" */;
			compatibilityVersion = "Xcode 9.3";
			developmentRegion = en;
			hasScannedForEncodings = 0;
			knownRegions = (
				en,
				Base,
			);
			mainGroup = BFEE123C262F005100E60081;
			productRefGroup = BFEE1246262F005100E60081 /* Products */;
			projectDirPath = "";
			projectRoot = "";
			targets = (
				BFEE1244262F005100E60081 /* Rick And Morty */,
			);
		};
/* End PBXProject section */

/* Begin PBXResourcesBuildPhase section */
		BFEE1243262F005100E60081 /* Resources */ = {
			isa = PBXResourcesBuildPhase;
			buildActionMask = 2147483647;
			files = (
				BFEE1255262F005900E60081 /* LaunchScreen.storyboard in Resources */,
				BFEE1252262F005900E60081 /* Assets.xcassets in Resources */,
				BFEE1250262F005100E60081 /* Main.storyboard in Resources */,
			);
			runOnlyForDeploymentPostprocessing = 0;
		};
/* End PBXResourcesBuildPhase section */

/* Begin PBXSourcesBuildPhase section */
		BFEE1241262F005100E60081 /* Sources */ = {
			isa = PBXSourcesBuildPhase;
			buildActionMask = 2147483647;
			files = (
				BFEE124D262F005100E60081 /* ViewController.swift in Sources */,
				BFEE1260262F0B6600E60081 /* APIResponse.swift in Sources */,
				BFEE1268262F341300E60081 /* RickAndMortyCell.swift in Sources */,
				BFEE1249262F005100E60081 /* AppDelegate.swift in Sources */,
				BFEE124B262F005100E60081 /* SceneDelegate.swift in Sources */,
			);
			runOnlyForDeploymentPostprocessing = 0;
		};
/* End PBXSourcesBuildPhase section */

/* Begin PBXVariantGroup section */
		BFEE124E262F005100E60081 /* Main.storyboard */ = {
			isa = PBXVariantGroup;
			children = (
				BFEE124F262F005100E60081 /* Base */,
			);
			name = Main.storyboard;
			sourceTree = "<group>";
		};
		BFEE1253262F005900E60081 /* LaunchScreen.storyboard */ = {
			isa = PBXVariantGroup;
			children = (
				BFEE1254262F005900E60081 /* Base */,
			);
			name = LaunchScreen.storyboard;
			sourceTree = "<group>";
		};
/* End PBXVariantGroup section */

/* Begin XCBuildConfiguration section */
		BFEE1257262F005900E60081 /* Debug */ = {
			isa = XCBuildConfiguration;
			buildSettings = {
				ALWAYS_SEARCH_USER_PATHS = NO;
				CLANG_ANALYZER_NONNULL = YES;
				CLANG_ANALYZER_NUMBER_OBJECT_CONVERSION = YES_AGGRESSIVE;
				CLANG_CXX_LANGUAGE_STANDARD = "gnu++14";
				CLANG_CXX_LIBRARY = "libc++";
				CLANG_ENABLE_MODULES = YES;
				CLANG_ENABLE_OBJC_ARC = YES;
				CLANG_ENABLE_OBJC_WEAK = YES;
				CLANG_WARN_BLOCK_CAPTURE_AUTORELEASING = YES;
				CLANG_WARN_BOOL_CONVERSION = YES;
				CLANG_WARN_COMMA = YES;
				CLANG_WARN_CONSTANT_CONVERSION = YES;
				CLANG_WARN_DEPRECATED_OBJC_IMPLEMENTATIONS = YES;
				CLANG_WARN_DIRECT_OBJC_ISA_USAGE = YES_ERROR;
				CLANG_WARN_DOCUMENTATION_COMMENTS = YES;
				CLANG_WARN_EMPTY_BODY = YES;
				CLANG_WARN_ENUM_CONVERSION = YES;
				CLANG_WARN_INFINITE_RECURSION = YES;
				CLANG_WARN_INT_CONVERSION = YES;
				CLANG_WARN_NON_LITERAL_NULL_CONVERSION = YES;
				CLANG_WARN_OBJC_IMPLICIT_RETAIN_SELF = YES;
				CLANG_WARN_OBJC_LITERAL_CONVERSION = YES;
				CLANG_WARN_OBJC_ROOT_CLASS = YES_ERROR;
				CLANG_WARN_QUOTED_INCLUDE_IN_FRAMEWORK_HEADER = YES;
				CLANG_WARN_RANGE_LOOP_ANALYSIS = YES;
				CLANG_WARN_STRICT_PROTOTYPES = YES;
				CLANG_WARN_SUSPICIOUS_MOVE = YES;
				CLANG_WARN_UNGUARDED_AVAILABILITY = YES_AGGRESSIVE;
				CLANG_WARN_UNREACHABLE_CODE = YES;
				CLANG_WARN__DUPLICATE_METHOD_MATCH = YES;
				COPY_PHASE_STRIP = NO;
				DEBUG_INFORMATION_FORMAT = dwarf;
				ENABLE_STRICT_OBJC_MSGSEND = YES;
				ENABLE_TESTABILITY = YES;
				GCC_C_LANGUAGE_STANDARD = gnu11;
				GCC_DYNAMIC_NO_PIC = NO;
				GCC_NO_COMMON_BLOCKS = YES;
				GCC_OPTIMIZATION_LEVEL = 0;
				GCC_PREPROCESSOR_DEFINITIONS = (
					"DEBUG=1",
					"$(inherited)",
				);
				GCC_WARN_64_TO_32_BIT_CONVERSION = YES;
				GCC_WARN_ABOUT_RETURN_TYPE = YES_ERROR;
				GCC_WARN_UNDECLARED_SELECTOR = YES;
				GCC_WARN_UNINITIALIZED_AUTOS = YES_AGGRESSIVE;
				GCC_WARN_UNUSED_FUNCTION = YES;
				GCC_WARN_UNUSED_VARIABLE = YES;
				IPHONEOS_DEPLOYMENT_TARGET = 14.4;
				MTL_ENABLE_DEBUG_INFO = INCLUDE_SOURCE;
				MTL_FAST_MATH = YES;
				ONLY_ACTIVE_ARCH = YES;
				SDKROOT = iphoneos;
				SWIFT_ACTIVE_COMPILATION_CONDITIONS = DEBUG;
				SWIFT_OPTIMIZATION_LEVEL = "-Onone";
			};
			name = Debug;
		};
		BFEE1258262F005900E60081 /* Release */ = {
			isa = XCBuildConfiguration;
			buildSettings = {
				ALWAYS_SEARCH_USER_PATHS = NO;
				CLANG_ANALYZER_NONNULL = YES;
				CLANG_ANALYZER_NUMBER_OBJECT_CONVERSION = YES_AGGRESSIVE;
				CLANG_CXX_LANGUAGE_STANDARD = "gnu++14";
				CLANG_CXX_LIBRARY = "libc++";
				CLANG_ENABLE_MODULES = YES;
				CLANG_ENABLE_OBJC_ARC = YES;
				CLANG_ENABLE_OBJC_WEAK = YES;
				CLANG_WARN_BLOCK_CAPTURE_AUTORELEASING = YES;
				CLANG_WARN_BOOL_CONVERSION = YES;
				CLANG_WARN_COMMA = YES;
				CLANG_WARN_CONSTANT_CONVERSION = YES;
				CLANG_WARN_DEPRECATED_OBJC_IMPLEMENTATIONS = YES;
				CLANG_WARN_DIRECT_OBJC_ISA_USAGE = YES_ERROR;
				CLANG_WARN_DOCUMENTATION_COMMENTS = YES;
				CLANG_WARN_EMPTY_BODY = YES;
				CLANG_WARN_ENUM_CONVERSION = YES;
				CLANG_WARN_INFINITE_RECURSION = YES;
				CLANG_WARN_INT_CONVERSION = YES;
				CLANG_WARN_NON_LITERAL_NULL_CONVERSION = YES;
				CLANG_WARN_OBJC_IMPLICIT_RETAIN_SELF = YES;
				CLANG_WARN_OBJC_LITERAL_CONVERSION = YES;
				CLANG_WARN_OBJC_ROOT_CLASS = YES_ERROR;
				CLANG_WARN_QUOTED_INCLUDE_IN_FRAMEWORK_HEADER = YES;
				CLANG_WARN_RANGE_LOOP_ANALYSIS = YES;
				CLANG_WARN_STRICT_PROTOTYPES = YES;
				CLANG_WARN_SUSPICIOUS_MOVE = YES;
				CLANG_WARN_UNGUARDED_AVAILABILITY = YES_AGGRESSIVE;
				CLANG_WARN_UNREACHABLE_CODE = YES;
				CLANG_WARN__DUPLICATE_METHOD_MATCH = YES;
				COPY_PHASE_STRIP = NO;
				DEBUG_INFORMATION_FORMAT = "dwarf-with-dsym";
				ENABLE_NS_ASSERTIONS = NO;
				ENABLE_STRICT_OBJC_MSGSEND = YES;
				GCC_C_LANGUAGE_STANDARD = gnu11;
				GCC_NO_COMMON_BLOCKS = YES;
				GCC_WARN_64_TO_32_BIT_CONVERSION = YES;
				GCC_WARN_ABOUT_RETURN_TYPE = YES_ERROR;
				GCC_WARN_UNDECLARED_SELECTOR = YES;
				GCC_WARN_UNINITIALIZED_AUTOS = YES_AGGRESSIVE;
				GCC_WARN_UNUSED_FUNCTION = YES;
				GCC_WARN_UNUSED_VARIABLE = YES;
				IPHONEOS_DEPLOYMENT_TARGET = 14.4;
				MTL_ENABLE_DEBUG_INFO = NO;
				MTL_FAST_MATH = YES;
				SDKROOT = iphoneos;
				SWIFT_COMPILATION_MODE = wholemodule;
				SWIFT_OPTIMIZATION_LEVEL = "-O";
				VALIDATE_PRODUCT = YES;
			};
			name = Release;
		};
		BFEE125A262F005900E60081 /* Debug */ = {
			isa = XCBuildConfiguration;
			buildSettings = {
				ASSETCATALOG_COMPILER_APPICON_NAME = AppIcon;
				ASSETCATALOG_COMPILER_GLOBAL_ACCENT_COLOR_NAME = AccentColor;
				CODE_SIGN_STYLE = Automatic;
				DEVELOPMENT_TEAM = FVWX9847Z2;
				INFOPLIST_FILE = "Rick And Morty/Info.plist";
				LD_RUNPATH_SEARCH_PATHS = (
					"$(inherited)",
					"@executable_path/Frameworks",
				);
				PRODUCT_BUNDLE_IDENTIFIER = "App.Fviret.Rick-And-Morty";
				PRODUCT_NAME = "$(TARGET_NAME)";
				SWIFT_VERSION = 5.0;
				TARGETED_DEVICE_FAMILY = "1,2";
			};
			name = Debug;
		};
		BFEE125B262F005900E60081 /* Release */ = {
			isa = XCBuildConfiguration;
			buildSettings = {
				ASSETCATALOG_COMPILER_APPICON_NAME = AppIcon;
				ASSETCATALOG_COMPILER_GLOBAL_ACCENT_COLOR_NAME = AccentColor;
				CODE_SIGN_STYLE = Automatic;
				DEVELOPMENT_TEAM = FVWX9847Z2;
				INFOPLIST_FILE = "Rick And Morty/Info.plist";
				LD_RUNPATH_SEARCH_PATHS = (
					"$(inherited)",
					"@executable_path/Frameworks",
				);
				PRODUCT_BUNDLE_IDENTIFIER = "App.Fviret.Rick-And-Morty";
				PRODUCT_NAME = "$(TARGET_NAME)";
				SWIFT_VERSION = 5.0;
				TARGETED_DEVICE_FAMILY = "1,2";
			};
			name = Release;
		};
/* End XCBuildConfiguration section */

/* Begin XCConfigurationList section */
		BFEE1240262F005100E60081 /* Build configuration list for PBXProject "Rick And Morty" */ = {
			isa = XCConfigurationList;
			buildConfigurations = (
				BFEE1257262F005900E60081 /* Debug */,
				BFEE1258262F005900E60081 /* Release */,
			);
			defaultConfigurationIsVisible = 0;
			defaultConfigurationName = Release;
		};
		BFEE1259262F005900E60081 /* Build configuration list for PBXNativeTarget "Rick And Morty" */ = {
			isa = XCConfigurationList;
			buildConfigurations = (
				BFEE125A262F005900E60081 /* Debug */,
				BFEE125B262F005900E60081 /* Release */,
			);
			defaultConfigurationIsVisible = 0;
			defaultConfigurationName = Release;
		};
/* End XCConfigurationList section */
	};
	rootObject = BFEE123D262F005100E60081 /* Project object */;
}
